
Microsoft Visual Studio Solution File, Format Version 12.00
# Visual Studio Version 16
VisualStudioVersion = 16.0.33328.57
MinimumVisualStudioVersion = 10.0.40219.1
Project("{FAE04EC0-301F-11D3-BF4B-00C04F79EFBC}") = "RevitAPICategoryOpeningApplicationInterface", "RevitAPICategoryOpeningApplicationInterface.csproj", "{B8FAB654-81E3-4B76-8185-CEE6E39F4EB4}"
EndProject
Project("{FAE04EC0-301F-11D3-BF4B-00C04F79EFBC}") = "RevitAPICategoryOpeningLibrary", "..\RevitAPICategoryOpeningLibrary\RevitAPICategoryOpeningLibrary.csproj", "{36EDD076-2C06-451D-9593-338E08353FB2}"
EndProject
Global
	GlobalSection(SolutionConfigurationPlatforms) = preSolution
		Debug|Any CPU = Debug|Any CPU
		Release|Any CPU = Release|Any CPU
	EndGlobalSection
	GlobalSection(ProjectConfigurationPlatforms) = postSolution
		{B8FAB654-81E3-4B76-8185-CEE6E39F4EB4}.Debug|Any CPU.ActiveCfg = Debug|Any CPU
		{B8FAB654-81E3-4B76-8185-CEE6E39F4EB4}.Debug|Any CPU.Build.0 = Debug|Any CPU
		{B8FAB654-81E3-4B76-8185-CEE6E39F4EB4}.Release|Any CPU.ActiveCfg = Release|Any CPU
		{B8FAB654-81E3-4B76-8185-CEE6E39F4EB4}.Release|Any CPU.Build.0 = Release|Any CPU
		{36EDD076-2C06-451D-9593-338E08353FB2}.Debug|Any CPU.ActiveCfg = Debug|Any CPU
		{36EDD076-2C06-451D-9593-338E08353FB2}.Debug|Any CPU.Build.0 = Debug|Any CPU
		{36EDD076-2C06-451D-9593-338E08353FB2}.Release|Any CPU.ActiveCfg = Release|Any CPU
		{36EDD076-2C06-451D-9593-338E08353FB2}.Release|Any CPU.Build.0 = Release|Any CPU
	EndGlobalSection
	GlobalSection(SolutionProperties) = preSolution
		HideSolutionNode = FALSE
	EndGlobalSection
	GlobalSection(ExtensibilityGlobals) = postSolution
		SolutionGuid = {F61AB7C1-029D-469E-BEE4-1524BD978C7F}
	EndGlobalSection
EndGlobal
